
Microsoft Visual Studio Solution File, Format Version 12.00
# Visual Studio Version 16
VisualStudioVersion = 16.0.29806.167
MinimumVisualStudioVersion = 10.0.40219.1
Project("{FAE04EC0-301F-11D3-BF4B-00C04F79EFBC}") = "AP", "AP\AP.csproj", "{4B656307-8E04-44DE-A978-6D016B2FAD4D}"
EndProject
Project("{FAE04EC0-301F-11D3-BF4B-00C04F79EFBC}") = "AP.Tests", "AP.Tests\AP.Tests.csproj", "{90AE80E4-461B-4A5C-83AA-873288B2715F}"
EndProject
Project("{FAE04EC0-301F-11D3-BF4B-00C04F79EFBC}") = "AP.Antimalware.Amsi", "AP.Antimalware.Amsi\AP.Antimalware.Amsi.csproj", "{387B1707-0E51-47E6-B079-94861EA7E04C}"
EndProject
Project("{FAE04EC0-301F-11D3-BF4B-00C04F79EFBC}") = "AP.Host.Console", "AP.Host.Console\AP.Host.Console.csproj", "{24423105-889B-4721-AF52-0F9D2E29DB16}"
EndProject
Project("{FAE04EC0-301F-11D3-BF4B-00C04F79EFBC}") = "AP.Middleware.RabbitMQ", "AP.Middleware.RabbitMQ\AP.Middleware.RabbitMQ.csproj", "{B5FA51C6-5DDB-4E52-8A56-2DBF6B6C1282}"
EndProject
Project("{FAE04EC0-301F-11D3-BF4B-00C04F79EFBC}") = "AP.Service.WebApi", "AP.Service.WebApi\AP.Service.WebApi.csproj", "{A70498D3-0AD1-4DB4-A251-43D6026C074A}"
EndProject
Project("{FAE04EC0-301F-11D3-BF4B-00C04F79EFBC}") = "AP.Validation", "AP.Validation\AP.Validation.csproj", "{4E640AB5-8EAA-4895-B30F-A9D922A12EDC}"
EndProject
Project("{FAE04EC0-301F-11D3-BF4B-00C04F79EFBC}") = "AP.Delivery", "AP.Delivery\AP.Delivery.csproj", "{F0663955-6A27-42C7-BACC-3F7461B87367}"
EndProject
Project("{FAE04EC0-301F-11D3-BF4B-00C04F79EFBC}") = "AP.IR", "AP.IR\AP.IR.csproj", "{B5638D18-9A42-41CF-94BA-7F6E018EA018}"
EndProject
Project("{FAE04EC0-301F-11D3-BF4B-00C04F79EFBC}") = "AP.CDM", "AP.CDM\AP.CDM.csproj", "{40B9536C-7C97-4110-9D97-BF55618297A9}"
EndProject
Project("{FAE04EC0-301F-11D3-BF4B-00C04F79EFBC}") = "AP.AS4", "AP.AS4\AP.AS4.csproj", "{C4B16E50-F49C-4388-B6EF-D20CA01152EB}"
EndProject
Global
	GlobalSection(SolutionConfigurationPlatforms) = preSolution
		Debug|Any CPU = Debug|Any CPU
		Release|Any CPU = Release|Any CPU
	EndGlobalSection
	GlobalSection(ProjectConfigurationPlatforms) = postSolution
		{4B656307-8E04-44DE-A978-6D016B2FAD4D}.Debug|Any CPU.ActiveCfg = Debug|Any CPU
		{4B656307-8E04-44DE-A978-6D016B2FAD4D}.Debug|Any CPU.Build.0 = Debug|Any CPU
		{4B656307-8E04-44DE-A978-6D016B2FAD4D}.Release|Any CPU.ActiveCfg = Release|Any CPU
		{4B656307-8E04-44DE-A978-6D016B2FAD4D}.Release|Any CPU.Build.0 = Release|Any CPU
		{90AE80E4-461B-4A5C-83AA-873288B2715F}.Debug|Any CPU.ActiveCfg = Debug|Any CPU
		{90AE80E4-461B-4A5C-83AA-873288B2715F}.Debug|Any CPU.Build.0 = Debug|Any CPU
		{90AE80E4-461B-4A5C-83AA-873288B2715F}.Release|Any CPU.ActiveCfg = Release|Any CPU
		{90AE80E4-461B-4A5C-83AA-873288B2715F}.Release|Any CPU.Build.0 = Release|Any CPU
		{387B1707-0E51-47E6-B079-94861EA7E04C}.Debug|Any CPU.ActiveCfg = Debug|Any CPU
		{387B1707-0E51-47E6-B079-94861EA7E04C}.Debug|Any CPU.Build.0 = Debug|Any CPU
		{387B1707-0E51-47E6-B079-94861EA7E04C}.Release|Any CPU.ActiveCfg = Release|Any CPU
		{387B1707-0E51-47E6-B079-94861EA7E04C}.Release|Any CPU.Build.0 = Release|Any CPU
		{24423105-889B-4721-AF52-0F9D2E29DB16}.Debug|Any CPU.ActiveCfg = Debug|Any CPU
		{24423105-889B-4721-AF52-0F9D2E29DB16}.Debug|Any CPU.Build.0 = Debug|Any CPU
		{24423105-889B-4721-AF52-0F9D2E29DB16}.Release|Any CPU.ActiveCfg = Release|Any CPU
		{24423105-889B-4721-AF52-0F9D2E29DB16}.Release|Any CPU.Build.0 = Release|Any CPU
		{B5FA51C6-5DDB-4E52-8A56-2DBF6B6C1282}.Debug|Any CPU.ActiveCfg = Debug|Any CPU
		{B5FA51C6-5DDB-4E52-8A56-2DBF6B6C1282}.Debug|Any CPU.Build.0 = Debug|Any CPU
		{B5FA51C6-5DDB-4E52-8A56-2DBF6B6C1282}.Release|Any CPU.ActiveCfg = Release|Any CPU
		{B5FA51C6-5DDB-4E52-8A56-2DBF6B6C1282}.Release|Any CPU.Build.0 = Release|Any CPU
		{A70498D3-0AD1-4DB4-A251-43D6026C074A}.Debug|Any CPU.ActiveCfg = Debug|Any CPU
		{A70498D3-0AD1-4DB4-A251-43D6026C074A}.Debug|Any CPU.Build.0 = Debug|Any CPU
		{A70498D3-0AD1-4DB4-A251-43D6026C074A}.Release|Any CPU.ActiveCfg = Release|Any CPU
		{A70498D3-0AD1-4DB4-A251-43D6026C074A}.Release|Any CPU.Build.0 = Release|Any CPU
		{4E640AB5-8EAA-4895-B30F-A9D922A12EDC}.Debug|Any CPU.ActiveCfg = Debug|Any CPU
		{4E640AB5-8EAA-4895-B30F-A9D922A12EDC}.Debug|Any CPU.Build.0 = Debug|Any CPU
		{4E640AB5-8EAA-4895-B30F-A9D922A12EDC}.Release|Any CPU.ActiveCfg = Release|Any CPU
		{4E640AB5-8EAA-4895-B30F-A9D922A12EDC}.Release|Any CPU.Build.0 = Release|Any CPU
		{F0663955-6A27-42C7-BACC-3F7461B87367}.Debug|Any CPU.ActiveCfg = Debug|Any CPU
		{F0663955-6A27-42C7-BACC-3F7461B87367}.Debug|Any CPU.Build.0 = Debug|Any CPU
		{F0663955-6A27-42C7-BACC-3F7461B87367}.Release|Any CPU.ActiveCfg = Release|Any CPU
		{F0663955-6A27-42C7-BACC-3F7461B87367}.Release|Any CPU.Build.0 = Release|Any CPU
		{B5638D18-9A42-41CF-94BA-7F6E018EA018}.Debug|Any CPU.ActiveCfg = Debug|Any CPU
		{B5638D18-9A42-41CF-94BA-7F6E018EA018}.Debug|Any CPU.Build.0 = Debug|Any CPU
		{B5638D18-9A42-41CF-94BA-7F6E018EA018}.Release|Any CPU.ActiveCfg = Release|Any CPU
		{B5638D18-9A42-41CF-94BA-7F6E018EA018}.Release|Any CPU.Build.0 = Release|Any CPU
		{40B9536C-7C97-4110-9D97-BF55618297A9}.Debug|Any CPU.ActiveCfg = Debug|Any CPU
		{40B9536C-7C97-4110-9D97-BF55618297A9}.Debug|Any CPU.Build.0 = Debug|Any CPU
		{40B9536C-7C97-4110-9D97-BF55618297A9}.Release|Any CPU.ActiveCfg = Release|Any CPU
		{40B9536C-7C97-4110-9D97-BF55618297A9}.Release|Any CPU.Build.0 = Release|Any CPU
		{C4B16E50-F49C-4388-B6EF-D20CA01152EB}.Debug|Any CPU.ActiveCfg = Debug|Any CPU
		{C4B16E50-F49C-4388-B6EF-D20CA01152EB}.Debug|Any CPU.Build.0 = Debug|Any CPU
		{C4B16E50-F49C-4388-B6EF-D20CA01152EB}.Release|Any CPU.ActiveCfg = Release|Any CPU
		{C4B16E50-F49C-4388-B6EF-D20CA01152EB}.Release|Any CPU.Build.0 = Release|Any CPU
	EndGlobalSection
	GlobalSection(SolutionProperties) = preSolution
		HideSolutionNode = FALSE
	EndGlobalSection
	GlobalSection(ExtensibilityGlobals) = postSolution
		SolutionGuid = {DC1BE0FD-C11F-43B3-92E2-CB73A5025669}
	EndGlobalSection
EndGlobal
