
Microsoft Visual Studio Solution File, Format Version 12.00
# Visual Studio Version 16
VisualStudioVersion = 16.0.29806.167
MinimumVisualStudioVersion = 10.0.40219.1
Project("{FAE04EC0-301F-11D3-BF4B-00C04F79EFBC}") = "AP.Antimalware.Amsi", "AP.Antimalware.Amsi\AP.Antimalware.Amsi.csproj", "{387B1707-0E51-47E6-B079-94861EA7E04C}"
EndProject
Project("{FAE04EC0-301F-11D3-BF4B-00C04F79EFBC}") = "AP.Host.Console", "AP.Host.Console\AP.Host.Console.csproj", "{24423105-889B-4721-AF52-0F9D2E29DB16}"
EndProject
Project("{FAE04EC0-301F-11D3-BF4B-00C04F79EFBC}") = "AP.Middleware.RabbitMQ", "AP.Middleware.RabbitMQ\AP.Middleware.RabbitMQ.csproj", "{B5FA51C6-5DDB-4E52-8A56-2DBF6B6C1282}"
EndProject
Project("{FAE04EC0-301F-11D3-BF4B-00C04F79EFBC}") = "AP.Service.WebApi", "AP.Service.WebApi\AP.Service.WebApi.csproj", "{A70498D3-0AD1-4DB4-A251-43D6026C074A}"
EndProject
Project("{FAE04EC0-301F-11D3-BF4B-00C04F79EFBC}") = "AP.Validation", "AP.Validation\AP.Validation.csproj", "{4E640AB5-8EAA-4895-B30F-A9D922A12EDC}"
EndProject
Project("{FAE04EC0-301F-11D3-BF4B-00C04F79EFBC}") = "AP.IR", "AP.IR\AP.IR.csproj", "{B5638D18-9A42-41CF-94BA-7F6E018EA018}"
EndProject
Project("{FAE04EC0-301F-11D3-BF4B-00C04F79EFBC}") = "AP.CDM", "AP.CDM\AP.CDM.csproj", "{40B9536C-7C97-4110-9D97-BF55618297A9}"
EndProject
Project("{FAE04EC0-301F-11D3-BF4B-00C04F79EFBC}") = "AP.AS4", "AP.AS4\AP.AS4.csproj", "{C4B16E50-F49C-4388-B6EF-D20CA01152EB}"
EndProject
Project("{FAE04EC0-301F-11D3-BF4B-00C04F79EFBC}") = "AP.Monitoring", "AP.Monitoring\AP.Monitoring.csproj", "{03F9EAEB-4E9D-4E69-BC36-C9EBAD6FF26D}"
EndProject
Project("{FAE04EC0-301F-11D3-BF4B-00C04F79EFBC}") = "AP.Storage", "AP.Storage\AP.Storage.csproj", "{EBDD1A1F-4F6B-4675-BA97-2688CE2C1BEC}"
EndProject
Project("{FAE04EC0-301F-11D3-BF4B-00C04F79EFBC}") = "AP.Cryptography", "AP.Cryptography\AP.Cryptography.csproj", "{5F9C8BF4-34F7-4741-8A06-5016CD44BC08}"
EndProject
Project("{FAE04EC0-301F-11D3-BF4B-00C04F79EFBC}") = "AP.Signing", "AP.Signing\AP.Signing.csproj", "{5105965C-CB56-4AD8-A383-DE76BEA64CC9}"
EndProject
Project("{FAE04EC0-301F-11D3-BF4B-00C04F79EFBC}") = "AP.Certificates", "AP.Certificates\AP.Certificates.csproj", "{18B6B51A-F726-4AC5-B53F-2C0B922E8854}"
EndProject
Project("{FAE04EC0-301F-11D3-BF4B-00C04F79EFBC}") = "AP.Processing", "AP.Processing\AP.Processing.csproj", "{4B656307-8E04-44DE-A978-6D016B2FAD4D}"
EndProject
Project("{FAE04EC0-301F-11D3-BF4B-00C04F79EFBC}") = "AP.Routing", "AP.Routing\AP.Routing.csproj", "{29DF01A0-DB14-46D1-90C9-C4A347AF009A}"
EndProject
Project("{FAE04EC0-301F-11D3-BF4B-00C04F79EFBC}") = "AP.Web.Client", "AP.Web.Client\AP.Web.Client.csproj", "{C9ED93E8-E6B9-4EDC-A7A5-180C8AC8D5B7}"
EndProject
Project("{FAE04EC0-301F-11D3-BF4B-00C04F79EFBC}") = "AP.Inbox", "AP.Inbox\AP.Inbox.csproj", "{5BF0C71C-C5FA-42B9-BD1B-969208FEB8EF}"
EndProject
Global
	GlobalSection(SolutionConfigurationPlatforms) = preSolution
		Debug|Any CPU = Debug|Any CPU
		Release|Any CPU = Release|Any CPU
	EndGlobalSection
	GlobalSection(ProjectConfigurationPlatforms) = postSolution
		{387B1707-0E51-47E6-B079-94861EA7E04C}.Debug|Any CPU.ActiveCfg = Debug|Any CPU
		{387B1707-0E51-47E6-B079-94861EA7E04C}.Debug|Any CPU.Build.0 = Debug|Any CPU
		{387B1707-0E51-47E6-B079-94861EA7E04C}.Release|Any CPU.ActiveCfg = Release|Any CPU
		{387B1707-0E51-47E6-B079-94861EA7E04C}.Release|Any CPU.Build.0 = Release|Any CPU
		{24423105-889B-4721-AF52-0F9D2E29DB16}.Debug|Any CPU.ActiveCfg = Debug|Any CPU
		{24423105-889B-4721-AF52-0F9D2E29DB16}.Debug|Any CPU.Build.0 = Debug|Any CPU
		{24423105-889B-4721-AF52-0F9D2E29DB16}.Release|Any CPU.ActiveCfg = Release|Any CPU
		{24423105-889B-4721-AF52-0F9D2E29DB16}.Release|Any CPU.Build.0 = Release|Any CPU
		{B5FA51C6-5DDB-4E52-8A56-2DBF6B6C1282}.Debug|Any CPU.ActiveCfg = Debug|Any CPU
		{B5FA51C6-5DDB-4E52-8A56-2DBF6B6C1282}.Debug|Any CPU.Build.0 = Debug|Any CPU
		{B5FA51C6-5DDB-4E52-8A56-2DBF6B6C1282}.Release|Any CPU.ActiveCfg = Release|Any CPU
		{B5FA51C6-5DDB-4E52-8A56-2DBF6B6C1282}.Release|Any CPU.Build.0 = Release|Any CPU
		{A70498D3-0AD1-4DB4-A251-43D6026C074A}.Debug|Any CPU.ActiveCfg = Debug|Any CPU
		{A70498D3-0AD1-4DB4-A251-43D6026C074A}.Debug|Any CPU.Build.0 = Debug|Any CPU
		{A70498D3-0AD1-4DB4-A251-43D6026C074A}.Release|Any CPU.ActiveCfg = Release|Any CPU
		{A70498D3-0AD1-4DB4-A251-43D6026C074A}.Release|Any CPU.Build.0 = Release|Any CPU
		{4E640AB5-8EAA-4895-B30F-A9D922A12EDC}.Debug|Any CPU.ActiveCfg = Debug|Any CPU
		{4E640AB5-8EAA-4895-B30F-A9D922A12EDC}.Debug|Any CPU.Build.0 = Debug|Any CPU
		{4E640AB5-8EAA-4895-B30F-A9D922A12EDC}.Release|Any CPU.ActiveCfg = Release|Any CPU
		{4E640AB5-8EAA-4895-B30F-A9D922A12EDC}.Release|Any CPU.Build.0 = Release|Any CPU
		{B5638D18-9A42-41CF-94BA-7F6E018EA018}.Debug|Any CPU.ActiveCfg = Debug|Any CPU
		{B5638D18-9A42-41CF-94BA-7F6E018EA018}.Debug|Any CPU.Build.0 = Debug|Any CPU
		{B5638D18-9A42-41CF-94BA-7F6E018EA018}.Release|Any CPU.ActiveCfg = Release|Any CPU
		{B5638D18-9A42-41CF-94BA-7F6E018EA018}.Release|Any CPU.Build.0 = Release|Any CPU
		{40B9536C-7C97-4110-9D97-BF55618297A9}.Debug|Any CPU.ActiveCfg = Debug|Any CPU
		{40B9536C-7C97-4110-9D97-BF55618297A9}.Debug|Any CPU.Build.0 = Debug|Any CPU
		{40B9536C-7C97-4110-9D97-BF55618297A9}.Release|Any CPU.ActiveCfg = Release|Any CPU
		{40B9536C-7C97-4110-9D97-BF55618297A9}.Release|Any CPU.Build.0 = Release|Any CPU
		{C4B16E50-F49C-4388-B6EF-D20CA01152EB}.Debug|Any CPU.ActiveCfg = Debug|Any CPU
		{C4B16E50-F49C-4388-B6EF-D20CA01152EB}.Debug|Any CPU.Build.0 = Debug|Any CPU
		{C4B16E50-F49C-4388-B6EF-D20CA01152EB}.Release|Any CPU.ActiveCfg = Release|Any CPU
		{C4B16E50-F49C-4388-B6EF-D20CA01152EB}.Release|Any CPU.Build.0 = Release|Any CPU
		{03F9EAEB-4E9D-4E69-BC36-C9EBAD6FF26D}.Debug|Any CPU.ActiveCfg = Debug|Any CPU
		{03F9EAEB-4E9D-4E69-BC36-C9EBAD6FF26D}.Debug|Any CPU.Build.0 = Debug|Any CPU
		{03F9EAEB-4E9D-4E69-BC36-C9EBAD6FF26D}.Release|Any CPU.ActiveCfg = Release|Any CPU
		{03F9EAEB-4E9D-4E69-BC36-C9EBAD6FF26D}.Release|Any CPU.Build.0 = Release|Any CPU
		{EBDD1A1F-4F6B-4675-BA97-2688CE2C1BEC}.Debug|Any CPU.ActiveCfg = Debug|Any CPU
		{EBDD1A1F-4F6B-4675-BA97-2688CE2C1BEC}.Debug|Any CPU.Build.0 = Debug|Any CPU
		{EBDD1A1F-4F6B-4675-BA97-2688CE2C1BEC}.Release|Any CPU.ActiveCfg = Release|Any CPU
		{EBDD1A1F-4F6B-4675-BA97-2688CE2C1BEC}.Release|Any CPU.Build.0 = Release|Any CPU
		{5F9C8BF4-34F7-4741-8A06-5016CD44BC08}.Debug|Any CPU.ActiveCfg = Debug|Any CPU
		{5F9C8BF4-34F7-4741-8A06-5016CD44BC08}.Debug|Any CPU.Build.0 = Debug|Any CPU
		{5F9C8BF4-34F7-4741-8A06-5016CD44BC08}.Release|Any CPU.ActiveCfg = Release|Any CPU
		{5F9C8BF4-34F7-4741-8A06-5016CD44BC08}.Release|Any CPU.Build.0 = Release|Any CPU
		{5105965C-CB56-4AD8-A383-DE76BEA64CC9}.Debug|Any CPU.ActiveCfg = Debug|Any CPU
		{5105965C-CB56-4AD8-A383-DE76BEA64CC9}.Debug|Any CPU.Build.0 = Debug|Any CPU
		{5105965C-CB56-4AD8-A383-DE76BEA64CC9}.Release|Any CPU.ActiveCfg = Release|Any CPU
		{5105965C-CB56-4AD8-A383-DE76BEA64CC9}.Release|Any CPU.Build.0 = Release|Any CPU
		{18B6B51A-F726-4AC5-B53F-2C0B922E8854}.Debug|Any CPU.ActiveCfg = Debug|Any CPU
		{18B6B51A-F726-4AC5-B53F-2C0B922E8854}.Debug|Any CPU.Build.0 = Debug|Any CPU
		{18B6B51A-F726-4AC5-B53F-2C0B922E8854}.Release|Any CPU.ActiveCfg = Release|Any CPU
		{18B6B51A-F726-4AC5-B53F-2C0B922E8854}.Release|Any CPU.Build.0 = Release|Any CPU
		{4B656307-8E04-44DE-A978-6D016B2FAD4D}.Debug|Any CPU.ActiveCfg = Debug|Any CPU
		{4B656307-8E04-44DE-A978-6D016B2FAD4D}.Debug|Any CPU.Build.0 = Debug|Any CPU
		{4B656307-8E04-44DE-A978-6D016B2FAD4D}.Release|Any CPU.ActiveCfg = Release|Any CPU
		{4B656307-8E04-44DE-A978-6D016B2FAD4D}.Release|Any CPU.Build.0 = Release|Any CPU
		{29DF01A0-DB14-46D1-90C9-C4A347AF009A}.Debug|Any CPU.ActiveCfg = Debug|Any CPU
		{29DF01A0-DB14-46D1-90C9-C4A347AF009A}.Debug|Any CPU.Build.0 = Debug|Any CPU
		{29DF01A0-DB14-46D1-90C9-C4A347AF009A}.Release|Any CPU.ActiveCfg = Release|Any CPU
		{29DF01A0-DB14-46D1-90C9-C4A347AF009A}.Release|Any CPU.Build.0 = Release|Any CPU
		{C9ED93E8-E6B9-4EDC-A7A5-180C8AC8D5B7}.Debug|Any CPU.ActiveCfg = Debug|Any CPU
		{C9ED93E8-E6B9-4EDC-A7A5-180C8AC8D5B7}.Debug|Any CPU.Build.0 = Debug|Any CPU
		{C9ED93E8-E6B9-4EDC-A7A5-180C8AC8D5B7}.Release|Any CPU.ActiveCfg = Release|Any CPU
		{C9ED93E8-E6B9-4EDC-A7A5-180C8AC8D5B7}.Release|Any CPU.Build.0 = Release|Any CPU
		{5BF0C71C-C5FA-42B9-BD1B-969208FEB8EF}.Debug|Any CPU.ActiveCfg = Debug|Any CPU
		{5BF0C71C-C5FA-42B9-BD1B-969208FEB8EF}.Debug|Any CPU.Build.0 = Debug|Any CPU
		{5BF0C71C-C5FA-42B9-BD1B-969208FEB8EF}.Release|Any CPU.ActiveCfg = Release|Any CPU
		{5BF0C71C-C5FA-42B9-BD1B-969208FEB8EF}.Release|Any CPU.Build.0 = Release|Any CPU
	EndGlobalSection
	GlobalSection(SolutionProperties) = preSolution
		HideSolutionNode = FALSE
	EndGlobalSection
	GlobalSection(ExtensibilityGlobals) = postSolution
		SolutionGuid = {DC1BE0FD-C11F-43B3-92E2-CB73A5025669}
	EndGlobalSection
EndGlobal
