
Microsoft Visual Studio Solution File, Format Version 12.00
# Visual Studio Version 16
VisualStudioVersion = 16.0.30114.105
MinimumVisualStudioVersion = 10.0.40219.1
Project("{FAE04EC0-301F-11D3-BF4B-00C04F79EFBC}") = "AP.Messages", "AP.Messages\AP.Messages.csproj", "{B2FCFE6F-C592-4159-9A4C-709C3EDA40A4}"
EndProject
Project("{FAE04EC0-301F-11D3-BF4B-00C04F79EFBC}") = "AP.Host", "AP.Host\AP.Host.csproj", "{AF6DEB04-DF6E-4571-B663-FF06E486741E}"
EndProject
Project("{FAE04EC0-301F-11D3-BF4B-00C04F79EFBC}") = "AP.AS4", "AP.AS4\AP.AS4.csproj", "{27AD7A68-3547-45AA-A791-1E856EE34B28}"
EndProject
Project("{FAE04EC0-301F-11D3-BF4B-00C04F79EFBC}") = "AP.Broker", "AP.Broker\AP.Broker.csproj", "{7606A3A3-08A9-411F-9817-4D83E87CA768}"
EndProject
Project("{FAE04EC0-301F-11D3-BF4B-00C04F79EFBC}") = "AP.CDM", "AP.CDM\AP.CDM.csproj", "{2B2C16CC-A786-4FAF-A2E4-597A933AAD2B}"
EndProject
Project("{FAE04EC0-301F-11D3-BF4B-00C04F79EFBC}") = "AP.Certificates", "AP.Certificates\AP.Certificates.csproj", "{B908150F-A967-48D6-8B60-FAC5EA112169}"
EndProject
Project("{FAE04EC0-301F-11D3-BF4B-00C04F79EFBC}") = "AP.Client", "AP.Client\AP.Client.csproj", "{29860309-ADA6-4E92-ACBF-6A17BCBE8DCC}"
EndProject
Project("{FAE04EC0-301F-11D3-BF4B-00C04F79EFBC}") = "AP.Cryptography", "AP.Cryptography\AP.Cryptography.csproj", "{8007A024-19F3-4C0E-81AC-FDA91EF10B5C}"
EndProject
Project("{FAE04EC0-301F-11D3-BF4B-00C04F79EFBC}") = "AP.Gateways", "AP.Gateways\AP.Gateways.csproj", "{70FA0B53-2246-4F82-88B7-6BDE7DC5B386}"
EndProject
Project("{FAE04EC0-301F-11D3-BF4B-00C04F79EFBC}") = "AP.Handlers", "AP.Handlers\AP.Handlers.csproj", "{6A5D3F06-3852-4143-B377-5BF9E6904978}"
EndProject
Project("{FAE04EC0-301F-11D3-BF4B-00C04F79EFBC}") = "AP.Instrumentation", "AP.Instrumentation\AP.Instrumentation.csproj", "{C638BAD2-E621-4DAA-85D2-EF982546A6A8}"
EndProject
Project("{FAE04EC0-301F-11D3-BF4B-00C04F79EFBC}") = "AP.IR", "AP.IR\AP.IR.csproj", "{C33730F0-852E-4995-AAA5-957F6201F7FC}"
EndProject
Project("{FAE04EC0-301F-11D3-BF4B-00C04F79EFBC}") = "AP.Orchestration", "AP.Orchestration\AP.Orchestration.csproj", "{92C80D41-EEA8-4390-8106-CE681AE63354}"
EndProject
Project("{FAE04EC0-301F-11D3-BF4B-00C04F79EFBC}") = "AP.Queue", "AP.Queue\AP.Queue.csproj", "{1532B497-D392-4006-B305-1DB3D7A12A4F}"
EndProject
Project("{FAE04EC0-301F-11D3-BF4B-00C04F79EFBC}") = "AP.Routing", "AP.Routing\AP.Routing.csproj", "{87C669C1-4231-43C2-B02A-07A314110967}"
EndProject
Project("{FAE04EC0-301F-11D3-BF4B-00C04F79EFBC}") = "AP.Scanner", "AP.Scanner\AP.Scanner.csproj", "{EEA1DF22-C3B6-4E78-A576-4B1C126424C7}"
EndProject
Project("{FAE04EC0-301F-11D3-BF4B-00C04F79EFBC}") = "AP.Signing", "AP.Signing\AP.Signing.csproj", "{AC34AAE7-28F0-43AE-9BB8-EAD260A90BC2}"
EndProject
Project("{FAE04EC0-301F-11D3-BF4B-00C04F79EFBC}") = "AP.Storage", "AP.Storage\AP.Storage.csproj", "{E352D267-50CE-4FEB-9CE8-5656D17A1810}"
EndProject
Project("{FAE04EC0-301F-11D3-BF4B-00C04F79EFBC}") = "AP.Telemetry", "AP.Telemetry\AP.Telemetry.csproj", "{A7359EF8-D401-4B4F-A613-D8A29AAB7816}"
EndProject
Project("{FAE04EC0-301F-11D3-BF4B-00C04F79EFBC}") = "AP.Validation", "AP.Validation\AP.Validation.csproj", "{CF8F7444-1B32-4372-96F1-05C1268890D7}"
EndProject
Project("{FAE04EC0-301F-11D3-BF4B-00C04F79EFBC}") = "AP.Workers", "AP.Workers\AP.Workers.csproj", "{90167BAC-3899-496A-949B-6985EDF444C1}"
EndProject
Project("{FAE04EC0-301F-11D3-BF4B-00C04F79EFBC}") = "AP.Ingestion", "AP.Ingestion\AP.Ingestion.csproj", "{D1D738E3-C6C6-4FBE-A7BF-EFE7263CD145}"
EndProject
Project("{FAE04EC0-301F-11D3-BF4B-00C04F79EFBC}") = "AP.WebApi", "AP.WebApi\AP.WebApi.csproj", "{B9F7F456-0A48-4281-9908-DC556A186A36}"
EndProject
Global
	GlobalSection(SolutionConfigurationPlatforms) = preSolution
		Debug|Any CPU = Debug|Any CPU
		Release|Any CPU = Release|Any CPU
	EndGlobalSection
	GlobalSection(SolutionProperties) = preSolution
		HideSolutionNode = FALSE
	EndGlobalSection
	GlobalSection(ProjectConfigurationPlatforms) = postSolution
		{B2FCFE6F-C592-4159-9A4C-709C3EDA40A4}.Debug|Any CPU.ActiveCfg = Debug|Any CPU
		{B2FCFE6F-C592-4159-9A4C-709C3EDA40A4}.Debug|Any CPU.Build.0 = Debug|Any CPU
		{B2FCFE6F-C592-4159-9A4C-709C3EDA40A4}.Release|Any CPU.ActiveCfg = Release|Any CPU
		{B2FCFE6F-C592-4159-9A4C-709C3EDA40A4}.Release|Any CPU.Build.0 = Release|Any CPU
		{AF6DEB04-DF6E-4571-B663-FF06E486741E}.Debug|Any CPU.ActiveCfg = Debug|Any CPU
		{AF6DEB04-DF6E-4571-B663-FF06E486741E}.Debug|Any CPU.Build.0 = Debug|Any CPU
		{AF6DEB04-DF6E-4571-B663-FF06E486741E}.Release|Any CPU.ActiveCfg = Release|Any CPU
		{AF6DEB04-DF6E-4571-B663-FF06E486741E}.Release|Any CPU.Build.0 = Release|Any CPU
		{27AD7A68-3547-45AA-A791-1E856EE34B28}.Debug|Any CPU.ActiveCfg = Debug|Any CPU
		{27AD7A68-3547-45AA-A791-1E856EE34B28}.Debug|Any CPU.Build.0 = Debug|Any CPU
		{27AD7A68-3547-45AA-A791-1E856EE34B28}.Release|Any CPU.ActiveCfg = Release|Any CPU
		{27AD7A68-3547-45AA-A791-1E856EE34B28}.Release|Any CPU.Build.0 = Release|Any CPU
		{7606A3A3-08A9-411F-9817-4D83E87CA768}.Debug|Any CPU.ActiveCfg = Debug|Any CPU
		{7606A3A3-08A9-411F-9817-4D83E87CA768}.Debug|Any CPU.Build.0 = Debug|Any CPU
		{7606A3A3-08A9-411F-9817-4D83E87CA768}.Release|Any CPU.ActiveCfg = Release|Any CPU
		{7606A3A3-08A9-411F-9817-4D83E87CA768}.Release|Any CPU.Build.0 = Release|Any CPU
		{2B2C16CC-A786-4FAF-A2E4-597A933AAD2B}.Debug|Any CPU.ActiveCfg = Debug|Any CPU
		{2B2C16CC-A786-4FAF-A2E4-597A933AAD2B}.Debug|Any CPU.Build.0 = Debug|Any CPU
		{2B2C16CC-A786-4FAF-A2E4-597A933AAD2B}.Release|Any CPU.ActiveCfg = Release|Any CPU
		{2B2C16CC-A786-4FAF-A2E4-597A933AAD2B}.Release|Any CPU.Build.0 = Release|Any CPU
		{B908150F-A967-48D6-8B60-FAC5EA112169}.Debug|Any CPU.ActiveCfg = Debug|Any CPU
		{B908150F-A967-48D6-8B60-FAC5EA112169}.Debug|Any CPU.Build.0 = Debug|Any CPU
		{B908150F-A967-48D6-8B60-FAC5EA112169}.Release|Any CPU.ActiveCfg = Release|Any CPU
		{B908150F-A967-48D6-8B60-FAC5EA112169}.Release|Any CPU.Build.0 = Release|Any CPU
		{29860309-ADA6-4E92-ACBF-6A17BCBE8DCC}.Debug|Any CPU.ActiveCfg = Debug|Any CPU
		{29860309-ADA6-4E92-ACBF-6A17BCBE8DCC}.Debug|Any CPU.Build.0 = Debug|Any CPU
		{29860309-ADA6-4E92-ACBF-6A17BCBE8DCC}.Release|Any CPU.ActiveCfg = Release|Any CPU
		{29860309-ADA6-4E92-ACBF-6A17BCBE8DCC}.Release|Any CPU.Build.0 = Release|Any CPU
		{8007A024-19F3-4C0E-81AC-FDA91EF10B5C}.Debug|Any CPU.ActiveCfg = Debug|Any CPU
		{8007A024-19F3-4C0E-81AC-FDA91EF10B5C}.Debug|Any CPU.Build.0 = Debug|Any CPU
		{8007A024-19F3-4C0E-81AC-FDA91EF10B5C}.Release|Any CPU.ActiveCfg = Release|Any CPU
		{8007A024-19F3-4C0E-81AC-FDA91EF10B5C}.Release|Any CPU.Build.0 = Release|Any CPU
		{70FA0B53-2246-4F82-88B7-6BDE7DC5B386}.Debug|Any CPU.ActiveCfg = Debug|Any CPU
		{70FA0B53-2246-4F82-88B7-6BDE7DC5B386}.Debug|Any CPU.Build.0 = Debug|Any CPU
		{70FA0B53-2246-4F82-88B7-6BDE7DC5B386}.Release|Any CPU.ActiveCfg = Release|Any CPU
		{70FA0B53-2246-4F82-88B7-6BDE7DC5B386}.Release|Any CPU.Build.0 = Release|Any CPU
		{6A5D3F06-3852-4143-B377-5BF9E6904978}.Debug|Any CPU.ActiveCfg = Debug|Any CPU
		{6A5D3F06-3852-4143-B377-5BF9E6904978}.Debug|Any CPU.Build.0 = Debug|Any CPU
		{6A5D3F06-3852-4143-B377-5BF9E6904978}.Release|Any CPU.ActiveCfg = Release|Any CPU
		{6A5D3F06-3852-4143-B377-5BF9E6904978}.Release|Any CPU.Build.0 = Release|Any CPU
		{C638BAD2-E621-4DAA-85D2-EF982546A6A8}.Debug|Any CPU.ActiveCfg = Debug|Any CPU
		{C638BAD2-E621-4DAA-85D2-EF982546A6A8}.Debug|Any CPU.Build.0 = Debug|Any CPU
		{C638BAD2-E621-4DAA-85D2-EF982546A6A8}.Release|Any CPU.ActiveCfg = Release|Any CPU
		{C638BAD2-E621-4DAA-85D2-EF982546A6A8}.Release|Any CPU.Build.0 = Release|Any CPU
		{C33730F0-852E-4995-AAA5-957F6201F7FC}.Debug|Any CPU.ActiveCfg = Debug|Any CPU
		{C33730F0-852E-4995-AAA5-957F6201F7FC}.Debug|Any CPU.Build.0 = Debug|Any CPU
		{C33730F0-852E-4995-AAA5-957F6201F7FC}.Release|Any CPU.ActiveCfg = Release|Any CPU
		{C33730F0-852E-4995-AAA5-957F6201F7FC}.Release|Any CPU.Build.0 = Release|Any CPU
		{92C80D41-EEA8-4390-8106-CE681AE63354}.Debug|Any CPU.ActiveCfg = Debug|Any CPU
		{92C80D41-EEA8-4390-8106-CE681AE63354}.Debug|Any CPU.Build.0 = Debug|Any CPU
		{92C80D41-EEA8-4390-8106-CE681AE63354}.Release|Any CPU.ActiveCfg = Release|Any CPU
		{92C80D41-EEA8-4390-8106-CE681AE63354}.Release|Any CPU.Build.0 = Release|Any CPU
		{1532B497-D392-4006-B305-1DB3D7A12A4F}.Debug|Any CPU.ActiveCfg = Debug|Any CPU
		{1532B497-D392-4006-B305-1DB3D7A12A4F}.Debug|Any CPU.Build.0 = Debug|Any CPU
		{1532B497-D392-4006-B305-1DB3D7A12A4F}.Release|Any CPU.ActiveCfg = Release|Any CPU
		{1532B497-D392-4006-B305-1DB3D7A12A4F}.Release|Any CPU.Build.0 = Release|Any CPU
		{87C669C1-4231-43C2-B02A-07A314110967}.Debug|Any CPU.ActiveCfg = Debug|Any CPU
		{87C669C1-4231-43C2-B02A-07A314110967}.Debug|Any CPU.Build.0 = Debug|Any CPU
		{87C669C1-4231-43C2-B02A-07A314110967}.Release|Any CPU.ActiveCfg = Release|Any CPU
		{87C669C1-4231-43C2-B02A-07A314110967}.Release|Any CPU.Build.0 = Release|Any CPU
		{EEA1DF22-C3B6-4E78-A576-4B1C126424C7}.Debug|Any CPU.ActiveCfg = Debug|Any CPU
		{EEA1DF22-C3B6-4E78-A576-4B1C126424C7}.Debug|Any CPU.Build.0 = Debug|Any CPU
		{EEA1DF22-C3B6-4E78-A576-4B1C126424C7}.Release|Any CPU.ActiveCfg = Release|Any CPU
		{EEA1DF22-C3B6-4E78-A576-4B1C126424C7}.Release|Any CPU.Build.0 = Release|Any CPU
		{AC34AAE7-28F0-43AE-9BB8-EAD260A90BC2}.Debug|Any CPU.ActiveCfg = Debug|Any CPU
		{AC34AAE7-28F0-43AE-9BB8-EAD260A90BC2}.Debug|Any CPU.Build.0 = Debug|Any CPU
		{AC34AAE7-28F0-43AE-9BB8-EAD260A90BC2}.Release|Any CPU.ActiveCfg = Release|Any CPU
		{AC34AAE7-28F0-43AE-9BB8-EAD260A90BC2}.Release|Any CPU.Build.0 = Release|Any CPU
		{E352D267-50CE-4FEB-9CE8-5656D17A1810}.Debug|Any CPU.ActiveCfg = Debug|Any CPU
		{E352D267-50CE-4FEB-9CE8-5656D17A1810}.Debug|Any CPU.Build.0 = Debug|Any CPU
		{E352D267-50CE-4FEB-9CE8-5656D17A1810}.Release|Any CPU.ActiveCfg = Release|Any CPU
		{E352D267-50CE-4FEB-9CE8-5656D17A1810}.Release|Any CPU.Build.0 = Release|Any CPU
		{A7359EF8-D401-4B4F-A613-D8A29AAB7816}.Debug|Any CPU.ActiveCfg = Debug|Any CPU
		{A7359EF8-D401-4B4F-A613-D8A29AAB7816}.Debug|Any CPU.Build.0 = Debug|Any CPU
		{A7359EF8-D401-4B4F-A613-D8A29AAB7816}.Release|Any CPU.ActiveCfg = Release|Any CPU
		{A7359EF8-D401-4B4F-A613-D8A29AAB7816}.Release|Any CPU.Build.0 = Release|Any CPU
		{CF8F7444-1B32-4372-96F1-05C1268890D7}.Debug|Any CPU.ActiveCfg = Debug|Any CPU
		{CF8F7444-1B32-4372-96F1-05C1268890D7}.Debug|Any CPU.Build.0 = Debug|Any CPU
		{CF8F7444-1B32-4372-96F1-05C1268890D7}.Release|Any CPU.ActiveCfg = Release|Any CPU
		{CF8F7444-1B32-4372-96F1-05C1268890D7}.Release|Any CPU.Build.0 = Release|Any CPU
		{90167BAC-3899-496A-949B-6985EDF444C1}.Debug|Any CPU.ActiveCfg = Debug|Any CPU
		{90167BAC-3899-496A-949B-6985EDF444C1}.Debug|Any CPU.Build.0 = Debug|Any CPU
		{90167BAC-3899-496A-949B-6985EDF444C1}.Release|Any CPU.ActiveCfg = Release|Any CPU
		{90167BAC-3899-496A-949B-6985EDF444C1}.Release|Any CPU.Build.0 = Release|Any CPU
		{D1D738E3-C6C6-4FBE-A7BF-EFE7263CD145}.Debug|Any CPU.ActiveCfg = Debug|Any CPU
		{D1D738E3-C6C6-4FBE-A7BF-EFE7263CD145}.Debug|Any CPU.Build.0 = Debug|Any CPU
		{D1D738E3-C6C6-4FBE-A7BF-EFE7263CD145}.Release|Any CPU.ActiveCfg = Release|Any CPU
		{D1D738E3-C6C6-4FBE-A7BF-EFE7263CD145}.Release|Any CPU.Build.0 = Release|Any CPU
		{B9F7F456-0A48-4281-9908-DC556A186A36}.Debug|Any CPU.ActiveCfg = Debug|Any CPU
		{B9F7F456-0A48-4281-9908-DC556A186A36}.Debug|Any CPU.Build.0 = Debug|Any CPU
		{B9F7F456-0A48-4281-9908-DC556A186A36}.Release|Any CPU.ActiveCfg = Release|Any CPU
		{B9F7F456-0A48-4281-9908-DC556A186A36}.Release|Any CPU.Build.0 = Release|Any CPU
	EndGlobalSection
EndGlobal
