
Microsoft Visual Studio Solution File, Format Version 12.00
# Visual Studio Version 16
VisualStudioVersion = 16.0.30114.105
MinimumVisualStudioVersion = 10.0.40219.1
Project("{FAE04EC0-301F-11D3-BF4B-00C04F79EFBC}") = "AP.Messages", "AP.Messages\AP.Messages.csproj", "{B2FCFE6F-C592-4159-9A4C-709C3EDA40A4}"
EndProject
Project("{FAE04EC0-301F-11D3-BF4B-00C04F79EFBC}") = "AP.Host", "AP.Host\AP.Host.csproj", "{AF6DEB04-DF6E-4571-B663-FF06E486741E}"
EndProject
Global
	GlobalSection(SolutionConfigurationPlatforms) = preSolution
		Debug|Any CPU = Debug|Any CPU
		Release|Any CPU = Release|Any CPU
	EndGlobalSection
	GlobalSection(SolutionProperties) = preSolution
		HideSolutionNode = FALSE
	EndGlobalSection
	GlobalSection(ProjectConfigurationPlatforms) = postSolution
		{B2FCFE6F-C592-4159-9A4C-709C3EDA40A4}.Debug|Any CPU.ActiveCfg = Debug|Any CPU
		{B2FCFE6F-C592-4159-9A4C-709C3EDA40A4}.Debug|Any CPU.Build.0 = Debug|Any CPU
		{B2FCFE6F-C592-4159-9A4C-709C3EDA40A4}.Release|Any CPU.ActiveCfg = Release|Any CPU
		{B2FCFE6F-C592-4159-9A4C-709C3EDA40A4}.Release|Any CPU.Build.0 = Release|Any CPU
		{AF6DEB04-DF6E-4571-B663-FF06E486741E}.Debug|Any CPU.ActiveCfg = Debug|Any CPU
		{AF6DEB04-DF6E-4571-B663-FF06E486741E}.Debug|Any CPU.Build.0 = Debug|Any CPU
		{AF6DEB04-DF6E-4571-B663-FF06E486741E}.Release|Any CPU.ActiveCfg = Release|Any CPU
		{AF6DEB04-DF6E-4571-B663-FF06E486741E}.Release|Any CPU.Build.0 = Release|Any CPU
	EndGlobalSection
EndGlobal
